
Microsoft Visual Studio Solution File, Format Version 12.00
# Visual Studio Version 17
VisualStudioVersion = 17.4.33213.308
MinimumVisualStudioVersion = 10.0.40219.1
Project("{FAE04EC0-301F-11D3-BF4B-00C04F79EFBC}") = "DemoMVVMB.Android", "DemoMVVMB\DemoMVVMB.Android\DemoMVVMB.Android.csproj", "{1352AD20-9C28-4FC6-86E4-B3F1DA3EFE99}"
EndProject
Project("{FAE04EC0-301F-11D3-BF4B-00C04F79EFBC}") = "DemoMVVMB.iOS", "DemoMVVMB\DemoMVVMB.iOS\DemoMVVMB.iOS.csproj", "{15D4DE78-4551-468C-BC44-71AE57607241}"
EndProject
Project("{FAE04EC0-301F-11D3-BF4B-00C04F79EFBC}") = "DemoMVVMB", "DemoMVVMB\DemoMVVMB\DemoMVVMB.csproj", "{EED0D438-86DD-489F-86DC-6263BB583614}"
EndProject
Global
	GlobalSection(SolutionConfigurationPlatforms) = preSolution
		Debug|Any CPU = Debug|Any CPU
		Debug|iPhone = Debug|iPhone
		Debug|iPhoneSimulator = Debug|iPhoneSimulator
		Release|Any CPU = Release|Any CPU
		Release|iPhone = Release|iPhone
		Release|iPhoneSimulator = Release|iPhoneSimulator
	EndGlobalSection
	GlobalSection(ProjectConfigurationPlatforms) = postSolution
		{1352AD20-9C28-4FC6-86E4-B3F1DA3EFE99}.Debug|Any CPU.ActiveCfg = Debug|Any CPU
		{1352AD20-9C28-4FC6-86E4-B3F1DA3EFE99}.Debug|Any CPU.Build.0 = Debug|Any CPU
		{1352AD20-9C28-4FC6-86E4-B3F1DA3EFE99}.Debug|Any CPU.Deploy.0 = Debug|Any CPU
		{1352AD20-9C28-4FC6-86E4-B3F1DA3EFE99}.Debug|iPhone.ActiveCfg = Debug|Any CPU
		{1352AD20-9C28-4FC6-86E4-B3F1DA3EFE99}.Debug|iPhone.Build.0 = Debug|Any CPU
		{1352AD20-9C28-4FC6-86E4-B3F1DA3EFE99}.Debug|iPhone.Deploy.0 = Debug|Any CPU
		{1352AD20-9C28-4FC6-86E4-B3F1DA3EFE99}.Debug|iPhoneSimulator.ActiveCfg = Debug|Any CPU
		{1352AD20-9C28-4FC6-86E4-B3F1DA3EFE99}.Debug|iPhoneSimulator.Build.0 = Debug|Any CPU
		{1352AD20-9C28-4FC6-86E4-B3F1DA3EFE99}.Debug|iPhoneSimulator.Deploy.0 = Debug|Any CPU
		{1352AD20-9C28-4FC6-86E4-B3F1DA3EFE99}.Release|Any CPU.ActiveCfg = Release|Any CPU
		{1352AD20-9C28-4FC6-86E4-B3F1DA3EFE99}.Release|Any CPU.Build.0 = Release|Any CPU
		{1352AD20-9C28-4FC6-86E4-B3F1DA3EFE99}.Release|Any CPU.Deploy.0 = Release|Any CPU
		{1352AD20-9C28-4FC6-86E4-B3F1DA3EFE99}.Release|iPhone.ActiveCfg = Release|Any CPU
		{1352AD20-9C28-4FC6-86E4-B3F1DA3EFE99}.Release|iPhone.Build.0 = Release|Any CPU
		{1352AD20-9C28-4FC6-86E4-B3F1DA3EFE99}.Release|iPhone.Deploy.0 = Release|Any CPU
		{1352AD20-9C28-4FC6-86E4-B3F1DA3EFE99}.Release|iPhoneSimulator.ActiveCfg = Release|Any CPU
		{1352AD20-9C28-4FC6-86E4-B3F1DA3EFE99}.Release|iPhoneSimulator.Build.0 = Release|Any CPU
		{1352AD20-9C28-4FC6-86E4-B3F1DA3EFE99}.Release|iPhoneSimulator.Deploy.0 = Release|Any CPU
		{15D4DE78-4551-468C-BC44-71AE57607241}.Debug|Any CPU.ActiveCfg = Debug|iPhone
		{15D4DE78-4551-468C-BC44-71AE57607241}.Debug|Any CPU.Build.0 = Debug|iPhone
		{15D4DE78-4551-468C-BC44-71AE57607241}.Debug|Any CPU.Deploy.0 = Debug|iPhone
		{15D4DE78-4551-468C-BC44-71AE57607241}.Debug|iPhone.ActiveCfg = Debug|iPhone
		{15D4DE78-4551-468C-BC44-71AE57607241}.Debug|iPhone.Build.0 = Debug|iPhone
		{15D4DE78-4551-468C-BC44-71AE57607241}.Debug|iPhone.Deploy.0 = Debug|iPhone
		{15D4DE78-4551-468C-BC44-71AE57607241}.Debug|iPhoneSimulator.ActiveCfg = Debug|iPhoneSimulator
		{15D4DE78-4551-468C-BC44-71AE57607241}.Debug|iPhoneSimulator.Build.0 = Debug|iPhoneSimulator
		{15D4DE78-4551-468C-BC44-71AE57607241}.Debug|iPhoneSimulator.Deploy.0 = Debug|iPhoneSimulator
		{15D4DE78-4551-468C-BC44-71AE57607241}.Release|Any CPU.ActiveCfg = Release|iPhoneSimulator
		{15D4DE78-4551-468C-BC44-71AE57607241}.Release|Any CPU.Build.0 = Release|iPhoneSimulator
		{15D4DE78-4551-468C-BC44-71AE57607241}.Release|Any CPU.Deploy.0 = Release|iPhoneSimulator
		{15D4DE78-4551-468C-BC44-71AE57607241}.Release|iPhone.ActiveCfg = Release|iPhone
		{15D4DE78-4551-468C-BC44-71AE57607241}.Release|iPhone.Build.0 = Release|iPhone
		{15D4DE78-4551-468C-BC44-71AE57607241}.Release|iPhone.Deploy.0 = Release|iPhone
		{15D4DE78-4551-468C-BC44-71AE57607241}.Release|iPhoneSimulator.ActiveCfg = Release|iPhoneSimulator
		{15D4DE78-4551-468C-BC44-71AE57607241}.Release|iPhoneSimulator.Build.0 = Release|iPhoneSimulator
		{15D4DE78-4551-468C-BC44-71AE57607241}.Release|iPhoneSimulator.Deploy.0 = Release|iPhoneSimulator
		{EED0D438-86DD-489F-86DC-6263BB583614}.Debug|Any CPU.ActiveCfg = Debug|Any CPU
		{EED0D438-86DD-489F-86DC-6263BB583614}.Debug|Any CPU.Build.0 = Debug|Any CPU
		{EED0D438-86DD-489F-86DC-6263BB583614}.Debug|Any CPU.Deploy.0 = Debug|Any CPU
		{EED0D438-86DD-489F-86DC-6263BB583614}.Debug|iPhone.ActiveCfg = Debug|Any CPU
		{EED0D438-86DD-489F-86DC-6263BB583614}.Debug|iPhone.Build.0 = Debug|Any CPU
		{EED0D438-86DD-489F-86DC-6263BB583614}.Debug|iPhone.Deploy.0 = Debug|Any CPU
		{EED0D438-86DD-489F-86DC-6263BB583614}.Debug|iPhoneSimulator.ActiveCfg = Debug|Any CPU
		{EED0D438-86DD-489F-86DC-6263BB583614}.Debug|iPhoneSimulator.Build.0 = Debug|Any CPU
		{EED0D438-86DD-489F-86DC-6263BB583614}.Debug|iPhoneSimulator.Deploy.0 = Debug|Any CPU
		{EED0D438-86DD-489F-86DC-6263BB583614}.Release|Any CPU.ActiveCfg = Release|Any CPU
		{EED0D438-86DD-489F-86DC-6263BB583614}.Release|Any CPU.Build.0 = Release|Any CPU
		{EED0D438-86DD-489F-86DC-6263BB583614}.Release|Any CPU.Deploy.0 = Release|Any CPU
		{EED0D438-86DD-489F-86DC-6263BB583614}.Release|iPhone.ActiveCfg = Release|Any CPU
		{EED0D438-86DD-489F-86DC-6263BB583614}.Release|iPhone.Build.0 = Release|Any CPU
		{EED0D438-86DD-489F-86DC-6263BB583614}.Release|iPhone.Deploy.0 = Release|Any CPU
		{EED0D438-86DD-489F-86DC-6263BB583614}.Release|iPhoneSimulator.ActiveCfg = Release|Any CPU
		{EED0D438-86DD-489F-86DC-6263BB583614}.Release|iPhoneSimulator.Build.0 = Release|Any CPU
		{EED0D438-86DD-489F-86DC-6263BB583614}.Release|iPhoneSimulator.Deploy.0 = Release|Any CPU
	EndGlobalSection
	GlobalSection(SolutionProperties) = preSolution
		HideSolutionNode = FALSE
	EndGlobalSection
	GlobalSection(ExtensibilityGlobals) = postSolution
		SolutionGuid = {899877E6-80D9-42A8-BFC3-B8FBFA6BCF90}
	EndGlobalSection
EndGlobal
